# generated by rye
# use `rye lock` or `rye sync` to update this lockfile
#
# last locked with the following flags:
#   pre: false
#   features: []
#   all-features: false
#   with-sources: false
#   generate-hashes: false
#   universal: false

-e file:.
exceptiongroup==1.2.2
    # via pytest
iniconfig==2.0.0
    # via pytest
mypy==1.14.1
mypy-extensions==1.0.0
    # via mypy
packaging==24.2
    # via pytest
pluggy==1.5.0
    # via pytest
pytest==8.3.4
tomli==2.2.1
    # via mypy
    # via pytest
typing-extensions==4.12.2
    # via mistune
    # via mypy
