# This file was autogenerated by uv via the following command:
#    uv export --no-hashes -o requirements-dev.lock
-e .
colorama==0.4.6 ; sys_platform == 'win32'
exceptiongroup==1.2.2 ; python_full_version < '3.11'
iniconfig==2.0.0
mypy==1.14.1 ; python_full_version < '3.9'
mypy==1.15.0 ; python_full_version >= '3.9'
mypy-extensions==1.0.0
packaging==24.2
pluggy==1.5.0
pytest==8.3.5
ruff==0.11.0
tomli==2.2.1 ; python_full_version < '3.11'
typing-extensions==4.12.2
